
Microsoft Visual Studio Solution File, Format Version 12.00
# Visual Studio 15
VisualStudioVersion = 15.0.28307.1082
MinimumVisualStudioVersion = 10.0.40219.1
Project("{FAE04EC0-301F-11D3-BF4B-00C04F79EFBC}") = "beautysaloon", "beautysaloon\beautysaloon.csproj", "{5407B8A7-5EA4-4265-8064-795039167151}"
EndProject
Global
	GlobalSection(SolutionConfigurationPlatforms) = preSolution
		Debug|Any CPU = Debug|Any CPU
		Release|Any CPU = Release|Any CPU
	EndGlobalSection
	GlobalSection(ProjectConfigurationPlatforms) = postSolution
		{5407B8A7-5EA4-4265-8064-795039167151}.Debug|Any CPU.ActiveCfg = Debug|Any CPU
		{5407B8A7-5EA4-4265-8064-795039167151}.Debug|Any CPU.Build.0 = Debug|Any CPU
		{5407B8A7-5EA4-4265-8064-795039167151}.Release|Any CPU.ActiveCfg = Release|Any CPU
		{5407B8A7-5EA4-4265-8064-795039167151}.Release|Any CPU.Build.0 = Release|Any CPU
	EndGlobalSection
	GlobalSection(SolutionProperties) = preSolution
		HideSolutionNode = FALSE
	EndGlobalSection
	GlobalSection(ExtensibilityGlobals) = postSolution
		SolutionGuid = {D292BD9E-EAFD-4F8F-BB82-D3BB30F62F25}
	EndGlobalSection
EndGlobal
